
Microsoft Visual Studio Solution File, Format Version 12.00
# Visual Studio Version 17
VisualStudioVersion = 17.9.34728.123
MinimumVisualStudioVersion = 10.0.40219.1
Project("{FAE04EC0-301F-11D3-BF4B-00C04F79EFBC}") = "EmployeeWebAPI", "EmployeeWebAPI\EmployeeWebAPI.csproj", "{835C892F-29C6-4CCC-95FE-7DFCB0799142}"
EndProject
Global
	GlobalSection(SolutionConfigurationPlatforms) = preSolution
		Debug|Any CPU = Debug|Any CPU
		Release|Any CPU = Release|Any CPU
	EndGlobalSection
	GlobalSection(ProjectConfigurationPlatforms) = postSolution
		{835C892F-29C6-4CCC-95FE-7DFCB0799142}.Debug|Any CPU.ActiveCfg = Debug|Any CPU
		{835C892F-29C6-4CCC-95FE-7DFCB0799142}.Debug|Any CPU.Build.0 = Debug|Any CPU
		{835C892F-29C6-4CCC-95FE-7DFCB0799142}.Release|Any CPU.ActiveCfg = Release|Any CPU
		{835C892F-29C6-4CCC-95FE-7DFCB0799142}.Release|Any CPU.Build.0 = Release|Any CPU
	EndGlobalSection
	GlobalSection(SolutionProperties) = preSolution
		HideSolutionNode = FALSE
	EndGlobalSection
	GlobalSection(ExtensibilityGlobals) = postSolution
		SolutionGuid = {FFDCAB03-4B78-4E2C-A6FE-BCD1AC8F7431}
	EndGlobalSection
EndGlobal
